// !$*UTF8*$!
{
	archiveVersion = 1;
	classes = {
	};
	objectVersion = 46;
	objects = {

/* Begin PBXBuildFile section */
		B2193DBA1CCF95360066DB98 /* main.m in Sources */ = {isa = PBXBuildFile; fileRef = B2193DB91CCF95360066DB98 /* main.m */; };
		B2193DBD1CCF95360066DB98 /* AppDelegate.m in Sources */ = {isa = PBXBuildFile; fileRef = B2193DBC1CCF95360066DB98 /* AppDelegate.m */; };
		B2193DC01CCF95360066DB98 /* ViewController.m in Sources */ = {isa = PBXBuildFile; fileRef = B2193DBF1CCF95360066DB98 /* ViewController.m */; };
		B2193DC31CCF95360066DB98 /* Main.storyboard in Resources */ = {isa = PBXBuildFile; fileRef = B2193DC11CCF95360066DB98 /* Main.storyboard */; };
		B2193DC51CCF95360066DB98 /* Assets.xcassets in Resources */ = {isa = PBXBuildFile; fileRef = B2193DC41CCF95360066DB98 /* Assets.xcassets */; };
		B2193DC81CCF95360066DB98 /* LaunchScreen.storyboard in Resources */ = {isa = PBXBuildFile; fileRef = B2193DC61CCF95360066DB98 /* LaunchScreen.storyboard */; };
		B2193DD31CCF995C0066DB98 /* TRWebServiceManger.m in Sources */ = {isa = PBXBuildFile; fileRef = B2193DD01CCF995C0066DB98 /* TRWebServiceManger.m */; };
		B2193DD41CCF995C0066DB98 /* Utiity.m in Sources */ = {isa = PBXBuildFile; fileRef = B2193DD21CCF995C0066DB98 /* Utiity.m */; };
		B28957D61CF4CF5C0008B410 /* LNChoosePlanViewController.m in Sources */ = {isa = PBXBuildFile; fileRef = B28957C61CF4CF5C0008B410 /* LNChoosePlanViewController.m */; };
		B28957D71CF4CF5C0008B410 /* LNCoachListViewController.m in Sources */ = {isa = PBXBuildFile; fileRef = B28957C81CF4CF5C0008B410 /* LNCoachListViewController.m */; };
		B28957D81CF4CF5C0008B410 /* LNDietician.m in Sources */ = {isa = PBXBuildFile; fileRef = B28957CA1CF4CF5C0008B410 /* LNDietician.m */; };
		B28957D91CF4CF5C0008B410 /* LNPackageFeature.m in Sources */ = {isa = PBXBuildFile; fileRef = B28957CC1CF4CF5C0008B410 /* LNPackageFeature.m */; };
		B28957DA1CF4CF5C0008B410 /* LNPlan.m in Sources */ = {isa = PBXBuildFile; fileRef = B28957CE1CF4CF5C0008B410 /* LNPlan.m */; };
		B28957DB1CF4CF5C0008B410 /* LNPlanCellTableViewCell.m in Sources */ = {isa = PBXBuildFile; fileRef = B28957D01CF4CF5C0008B410 /* LNPlanCellTableViewCell.m */; };
		B28957DC1CF4CF5C0008B410 /* LNPlanCellTableViewCell.xib in Resources */ = {isa = PBXBuildFile; fileRef = B28957D11CF4CF5C0008B410 /* LNPlanCellTableViewCell.xib */; };
		B28957DD1CF4CF5C0008B410 /* LNPlanFeature.m in Sources */ = {isa = PBXBuildFile; fileRef = B28957D31CF4CF5C0008B410 /* LNPlanFeature.m */; };
		B28957DE1CF4CF5C0008B410 /* LNPlanViewController.m in Sources */ = {isa = PBXBuildFile; fileRef = B28957D51CF4CF5C0008B410 /* LNPlanViewController.m */; };
		B2BE2C801CD4ED680019EEC7 /* PageContentViewController.m in Sources */ = {isa = PBXBuildFile; fileRef = B2BE2C7F1CD4ED680019EEC7 /* PageContentViewController.m */; };
/* End PBXBuildFile section */

/* Begin PBXFileReference section */
		B2193DB51CCF95360066DB98 /* PayUMoney.app */ = {isa = PBXFileReference; explicitFileType = wrapper.application; includeInIndex = 0; path = PayUMoney.app; sourceTree = BUILT_PRODUCTS_DIR; };
		B2193DB91CCF95360066DB98 /* main.m */ = {isa = PBXFileReference; lastKnownFileType = sourcecode.c.objc; path = main.m; sourceTree = "<group>"; };
		B2193DBB1CCF95360066DB98 /* AppDelegate.h */ = {isa = PBXFileReference; lastKnownFileType = sourcecode.c.h; path = AppDelegate.h; sourceTree = "<group>"; };
		B2193DBC1CCF95360066DB98 /* AppDelegate.m */ = {isa = PBXFileReference; lastKnownFileType = sourcecode.c.objc; path = AppDelegate.m; sourceTree = "<group>"; };
		B2193DBE1CCF95360066DB98 /* ViewController.h */ = {isa = PBXFileReference; lastKnownFileType = sourcecode.c.h; path = ViewController.h; sourceTree = "<group>"; };
		B2193DBF1CCF95360066DB98 /* ViewController.m */ = {isa = PBXFileReference; lastKnownFileType = sourcecode.c.objc; path = ViewController.m; sourceTree = "<group>"; };
		B2193DC21CCF95360066DB98 /* Base */ = {isa = PBXFileReference; lastKnownFileType = file.storyboard; name = Base; path = Base.lproj/Main.storyboard; sourceTree = "<group>"; };
		B2193DC41CCF95360066DB98 /* Assets.xcassets */ = {isa = PBXFileReference; lastKnownFileType = folder.assetcatalog; path = Assets.xcassets; sourceTree = "<group>"; };
		B2193DC71CCF95360066DB98 /* Base */ = {isa = PBXFileReference; lastKnownFileType = file.storyboard; name = Base; path = Base.lproj/LaunchScreen.storyboard; sourceTree = "<group>"; };
		B2193DC91CCF95360066DB98 /* Info.plist */ = {isa = PBXFileReference; lastKnownFileType = text.plist.xml; path = Info.plist; sourceTree = "<group>"; };
		B2193DCF1CCF995C0066DB98 /* TRWebServiceManger.h */ = {isa = PBXFileReference; fileEncoding = 4; lastKnownFileType = sourcecode.c.h; path = TRWebServiceManger.h; sourceTree = "<group>"; };
		B2193DD01CCF995C0066DB98 /* TRWebServiceManger.m */ = {isa = PBXFileReference; fileEncoding = 4; lastKnownFileType = sourcecode.c.objc; path = TRWebServiceManger.m; sourceTree = "<group>"; };
		B2193DD11CCF995C0066DB98 /* Utiity.h */ = {isa = PBXFileReference; fileEncoding = 4; lastKnownFileType = sourcecode.c.h; path = Utiity.h; sourceTree = "<group>"; };
		B2193DD21CCF995C0066DB98 /* Utiity.m */ = {isa = PBXFileReference; fileEncoding = 4; lastKnownFileType = sourcecode.c.objc; path = Utiity.m; sourceTree = "<group>"; };
		B28957C51CF4CF5C0008B410 /* LNChoosePlanViewController.h */ = {isa = PBXFileReference; fileEncoding = 4; lastKnownFileType = sourcecode.c.h; name = LNChoosePlanViewController.h; path = ../../../../amitkumar/Desktop/PayUMoney/PayUMoney/LNChoosePlanViewController.h; sourceTree = "<group>"; };
		B28957C61CF4CF5C0008B410 /* LNChoosePlanViewController.m */ = {isa = PBXFileReference; fileEncoding = 4; lastKnownFileType = sourcecode.c.objc; name = LNChoosePlanViewController.m; path = ../../../../amitkumar/Desktop/PayUMoney/PayUMoney/LNChoosePlanViewController.m; sourceTree = "<group>"; };
		B28957C71CF4CF5C0008B410 /* LNCoachListViewController.h */ = {isa = PBXFileReference; fileEncoding = 4; lastKnownFileType = sourcecode.c.h; name = LNCoachListViewController.h; path = ../../../../amitkumar/Desktop/PayUMoney/PayUMoney/LNCoachListViewController.h; sourceTree = "<group>"; };
		B28957C81CF4CF5C0008B410 /* LNCoachListViewController.m */ = {isa = PBXFileReference; fileEncoding = 4; lastKnownFileType = sourcecode.c.objc; name = LNCoachListViewController.m; path = ../../../../amitkumar/Desktop/PayUMoney/PayUMoney/LNCoachListViewController.m; sourceTree = "<group>"; };
		B28957C91CF4CF5C0008B410 /* LNDietician.h */ = {isa = PBXFileReference; fileEncoding = 4; lastKnownFileType = sourcecode.c.h; name = LNDietician.h; path = ../../../../amitkumar/Desktop/PayUMoney/PayUMoney/LNDietician.h; sourceTree = "<group>"; };
		B28957CA1CF4CF5C0008B410 /* LNDietician.m */ = {isa = PBXFileReference; fileEncoding = 4; lastKnownFileType = sourcecode.c.objc; name = LNDietician.m; path = ../../../../amitkumar/Desktop/PayUMoney/PayUMoney/LNDietician.m; sourceTree = "<group>"; };
		B28957CB1CF4CF5C0008B410 /* LNPackageFeature.h */ = {isa = PBXFileReference; fileEncoding = 4; lastKnownFileType = sourcecode.c.h; name = LNPackageFeature.h; path = ../../../../amitkumar/Desktop/PayUMoney/PayUMoney/LNPackageFeature.h; sourceTree = "<group>"; };
		B28957CC1CF4CF5C0008B410 /* LNPackageFeature.m */ = {isa = PBXFileReference; fileEncoding = 4; lastKnownFileType = sourcecode.c.objc; name = LNPackageFeature.m; path = ../../../../amitkumar/Desktop/PayUMoney/PayUMoney/LNPackageFeature.m; sourceTree = "<group>"; };
		B28957CD1CF4CF5C0008B410 /* LNPlan.h */ = {isa = PBXFileReference; fileEncoding = 4; lastKnownFileType = sourcecode.c.h; name = LNPlan.h; path = ../../../../amitkumar/Desktop/PayUMoney/PayUMoney/LNPlan.h; sourceTree = "<group>"; };
		B28957CE1CF4CF5C0008B410 /* LNPlan.m */ = {isa = PBXFileReference; fileEncoding = 4; lastKnownFileType = sourcecode.c.objc; name = LNPlan.m; path = ../../../../amitkumar/Desktop/PayUMoney/PayUMoney/LNPlan.m; sourceTree = "<group>"; };
		B28957CF1CF4CF5C0008B410 /* LNPlanCellTableViewCell.h */ = {isa = PBXFileReference; fileEncoding = 4; lastKnownFileType = sourcecode.c.h; name = LNPlanCellTableViewCell.h; path = ../../../../amitkumar/Desktop/PayUMoney/PayUMoney/LNPlanCellTableViewCell.h; sourceTree = "<group>"; };
		B28957D01CF4CF5C0008B410 /* LNPlanCellTableViewCell.m */ = {isa = PBXFileReference; fileEncoding = 4; lastKnownFileType = sourcecode.c.objc; name = LNPlanCellTableViewCell.m; path = ../../../../amitkumar/Desktop/PayUMoney/PayUMoney/LNPlanCellTableViewCell.m; sourceTree = "<group>"; };
		B28957D11CF4CF5C0008B410 /* LNPlanCellTableViewCell.xib */ = {isa = PBXFileReference; fileEncoding = 4; lastKnownFileType = file.xib; name = LNPlanCellTableViewCell.xib; path = ../../../../amitkumar/Desktop/PayUMoney/PayUMoney/LNPlanCellTableViewCell.xib; sourceTree = "<group>"; };
		B28957D21CF4CF5C0008B410 /* LNPlanFeature.h */ = {isa = PBXFileReference; fileEncoding = 4; lastKnownFileType = sourcecode.c.h; name = LNPlanFeature.h; path = ../../../../amitkumar/Desktop/PayUMoney/PayUMoney/LNPlanFeature.h; sourceTree = "<group>"; };
		B28957D31CF4CF5C0008B410 /* LNPlanFeature.m */ = {isa = PBXFileReference; fileEncoding = 4; lastKnownFileType = sourcecode.c.objc; name = LNPlanFeature.m; path = ../../../../amitkumar/Desktop/PayUMoney/PayUMoney/LNPlanFeature.m; sourceTree = "<group>"; };
		B28957D41CF4CF5C0008B410 /* LNPlanViewController.h */ = {isa = PBXFileReference; fileEncoding = 4; lastKnownFileType = sourcecode.c.h; name = LNPlanViewController.h; path = ../../../../amitkumar/Desktop/PayUMoney/PayUMoney/LNPlanViewController.h; sourceTree = "<group>"; };
		B28957D51CF4CF5C0008B410 /* LNPlanViewController.m */ = {isa = PBXFileReference; fileEncoding = 4; lastKnownFileType = sourcecode.c.objc; name = LNPlanViewController.m; path = ../../../../amitkumar/Desktop/PayUMoney/PayUMoney/LNPlanViewController.m; sourceTree = "<group>"; };
		B2BE2C7E1CD4ED680019EEC7 /* PageContentViewController.h */ = {isa = PBXFileReference; fileEncoding = 4; lastKnownFileType = sourcecode.c.h; path = PageContentViewController.h; sourceTree = "<group>"; };
		B2BE2C7F1CD4ED680019EEC7 /* PageContentViewController.m */ = {isa = PBXFileReference; fileEncoding = 4; lastKnownFileType = sourcecode.c.objc; path = PageContentViewController.m; sourceTree = "<group>"; };
/* End PBXFileReference section */

/* Begin PBXFrameworksBuildPhase section */
		B2193DB21CCF95360066DB98 /* Frameworks */ = {
			isa = PBXFrameworksBuildPhase;
			buildActionMask = 2147483647;
			files = (
			);
			runOnlyForDeploymentPostprocessing = 0;
		};
/* End PBXFrameworksBuildPhase section */

/* Begin PBXGroup section */
		B2193DAC1CCF95360066DB98 = {
			isa = PBXGroup;
			children = (
				B2193DB71CCF95360066DB98 /* PayUMoney */,
				B2193DB61CCF95360066DB98 /* Products */,
			);
			sourceTree = "<group>";
		};
		B2193DB61CCF95360066DB98 /* Products */ = {
			isa = PBXGroup;
			children = (
				B2193DB51CCF95360066DB98 /* PayUMoney.app */,
			);
			name = Products;
			sourceTree = "<group>";
		};
		B2193DB71CCF95360066DB98 /* PayUMoney */ = {
			isa = PBXGroup;
			children = (
				B23080151CD1156100D96A8A /* PaymentGateWay */,
				B2193DDD1CCFD42B0066DB98 /* View */,
				B2193DDC1CCFD4190066DB98 /* Controllers */,
				B2193DDB1CCFD4050066DB98 /* Modals */,
				B2193DD51CCF99670066DB98 /* ConnectionManager */,
				B2193DB81CCF95360066DB98 /* Supporting Files */,
			);
			path = PayUMoney;
			sourceTree = "<group>";
		};
		B2193DB81CCF95360066DB98 /* Supporting Files */ = {
			isa = PBXGroup;
			children = (
				B2193DBB1CCF95360066DB98 /* AppDelegate.h */,
				B2193DBC1CCF95360066DB98 /* AppDelegate.m */,
				B2193DC91CCF95360066DB98 /* Info.plist */,
				B2193DB91CCF95360066DB98 /* main.m */,
			);
			name = "Supporting Files";
			sourceTree = "<group>";
		};
		B2193DD51CCF99670066DB98 /* ConnectionManager */ = {
			isa = PBXGroup;
			children = (
				B2193DCF1CCF995C0066DB98 /* TRWebServiceManger.h */,
				B2193DD01CCF995C0066DB98 /* TRWebServiceManger.m */,
				B2193DD11CCF995C0066DB98 /* Utiity.h */,
				B2193DD21CCF995C0066DB98 /* Utiity.m */,
			);
			name = ConnectionManager;
			sourceTree = "<group>";
		};
		B2193DDB1CCFD4050066DB98 /* Modals */ = {
			isa = PBXGroup;
			children = (
			);
			name = Modals;
			sourceTree = "<group>";
		};
		B2193DDC1CCFD4190066DB98 /* Controllers */ = {
			isa = PBXGroup;
			children = (
				B2193DBE1CCF95360066DB98 /* ViewController.h */,
				B2193DBF1CCF95360066DB98 /* ViewController.m */,
				B2BE2C7E1CD4ED680019EEC7 /* PageContentViewController.h */,
				B2BE2C7F1CD4ED680019EEC7 /* PageContentViewController.m */,
			);
			name = Controllers;
			sourceTree = "<group>";
		};
		B2193DDD1CCFD42B0066DB98 /* View */ = {
			isa = PBXGroup;
			children = (
				B2193DC11CCF95360066DB98 /* Main.storyboard */,
				B2193DC41CCF95360066DB98 /* Assets.xcassets */,
				B2193DC61CCF95360066DB98 /* LaunchScreen.storyboard */,
			);
			name = View;
			sourceTree = "<group>";
		};
		B23080151CD1156100D96A8A /* PaymentGateWay */ = {
			isa = PBXGroup;
			children = (
				B28957C51CF4CF5C0008B410 /* LNChoosePlanViewController.h */,
				B28957C61CF4CF5C0008B410 /* LNChoosePlanViewController.m */,
				B28957C71CF4CF5C0008B410 /* LNCoachListViewController.h */,
				B28957C81CF4CF5C0008B410 /* LNCoachListViewController.m */,
				B28957C91CF4CF5C0008B410 /* LNDietician.h */,
				B28957CA1CF4CF5C0008B410 /* LNDietician.m */,
				B28957CB1CF4CF5C0008B410 /* LNPackageFeature.h */,
				B28957CC1CF4CF5C0008B410 /* LNPackageFeature.m */,
				B28957CD1CF4CF5C0008B410 /* LNPlan.h */,
				B28957CE1CF4CF5C0008B410 /* LNPlan.m */,
				B28957CF1CF4CF5C0008B410 /* LNPlanCellTableViewCell.h */,
				B28957D01CF4CF5C0008B410 /* LNPlanCellTableViewCell.m */,
				B28957D11CF4CF5C0008B410 /* LNPlanCellTableViewCell.xib */,
				B28957D21CF4CF5C0008B410 /* LNPlanFeature.h */,
				B28957D31CF4CF5C0008B410 /* LNPlanFeature.m */,
				B28957D41CF4CF5C0008B410 /* LNPlanViewController.h */,
				B28957D51CF4CF5C0008B410 /* LNPlanViewController.m */,
			);
			name = PaymentGateWay;
			sourceTree = "<group>";
		};
/* End PBXGroup section */

/* Begin PBXNativeTarget section */
		B2193DB41CCF95360066DB98 /* PayUMoney */ = {
			isa = PBXNativeTarget;
			buildConfigurationList = B2193DCC1CCF95360066DB98 /* Build configuration list for PBXNativeTarget "PayUMoney" */;
			buildPhases = (
				B2193DB11CCF95360066DB98 /* Sources */,
				B2193DB21CCF95360066DB98 /* Frameworks */,
				B2193DB31CCF95360066DB98 /* Resources */,
			);
			buildRules = (
			);
			dependencies = (
			);
			name = PayUMoney;
			productName = PayUMoney;
			productReference = B2193DB51CCF95360066DB98 /* PayUMoney.app */;
			productType = "com.apple.product-type.application";
		};
/* End PBXNativeTarget section */

/* Begin PBXProject section */
		B2193DAD1CCF95360066DB98 /* Project object */ = {
			isa = PBXProject;
			attributes = {
				LastUpgradeCheck = 0730;
				ORGANIZATIONNAME = "Amit kumar";
				TargetAttributes = {
					B2193DB41CCF95360066DB98 = {
						CreatedOnToolsVersion = 7.3;
					};
				};
			};
			buildConfigurationList = B2193DB01CCF95360066DB98 /* Build configuration list for PBXProject "PayUMoney" */;
			compatibilityVersion = "Xcode 3.2";
			developmentRegion = English;
			hasScannedForEncodings = 0;
			knownRegions = (
				en,
				Base,
			);
			mainGroup = B2193DAC1CCF95360066DB98;
			productRefGroup = B2193DB61CCF95360066DB98 /* Products */;
			projectDirPath = "";
			projectRoot = "";
			targets = (
				B2193DB41CCF95360066DB98 /* PayUMoney */,
			);
		};
/* End PBXProject section */

/* Begin PBXResourcesBuildPhase section */
		B2193DB31CCF95360066DB98 /* Resources */ = {
			isa = PBXResourcesBuildPhase;
			buildActionMask = 2147483647;
			files = (
				B2193DC81CCF95360066DB98 /* LaunchScreen.storyboard in Resources */,
				B2193DC51CCF95360066DB98 /* Assets.xcassets in Resources */,
				B28957DC1CF4CF5C0008B410 /* LNPlanCellTableViewCell.xib in Resources */,
				B2193DC31CCF95360066DB98 /* Main.storyboard in Resources */,
			);
			runOnlyForDeploymentPostprocessing = 0;
		};
/* End PBXResourcesBuildPhase section */

/* Begin PBXSourcesBuildPhase section */
		B2193DB11CCF95360066DB98 /* Sources */ = {
			isa = PBXSourcesBuildPhase;
			buildActionMask = 2147483647;
			files = (
				B28957DB1CF4CF5C0008B410 /* LNPlanCellTableViewCell.m in Sources */,
				B28957DD1CF4CF5C0008B410 /* LNPlanFeature.m in Sources */,
				B2BE2C801CD4ED680019EEC7 /* PageContentViewController.m in Sources */,
				B28957D91CF4CF5C0008B410 /* LNPackageFeature.m in Sources */,
				B28957D81CF4CF5C0008B410 /* LNDietician.m in Sources */,
				B2193DD41CCF995C0066DB98 /* Utiity.m in Sources */,
				B2193DC01CCF95360066DB98 /* ViewController.m in Sources */,
				B2193DBD1CCF95360066DB98 /* AppDelegate.m in Sources */,
				B2193DD31CCF995C0066DB98 /* TRWebServiceManger.m in Sources */,
				B2193DBA1CCF95360066DB98 /* main.m in Sources */,
				B28957DA1CF4CF5C0008B410 /* LNPlan.m in Sources */,
				B28957D61CF4CF5C0008B410 /* LNChoosePlanViewController.m in Sources */,
				B28957DE1CF4CF5C0008B410 /* LNPlanViewController.m in Sources */,
				B28957D71CF4CF5C0008B410 /* LNCoachListViewController.m in Sources */,
			);
			runOnlyForDeploymentPostprocessing = 0;
		};
/* End PBXSourcesBuildPhase section */

/* Begin PBXVariantGroup section */
		B2193DC11CCF95360066DB98 /* Main.storyboard */ = {
			isa = PBXVariantGroup;
			children = (
				B2193DC21CCF95360066DB98 /* Base */,
			);
			name = Main.storyboard;
			sourceTree = "<group>";
		};
		B2193DC61CCF95360066DB98 /* LaunchScreen.storyboard */ = {
			isa = PBXVariantGroup;
			children = (
				B2193DC71CCF95360066DB98 /* Base */,
			);
			name = LaunchScreen.storyboard;
			sourceTree = "<group>";
		};
/* End PBXVariantGroup section */

/* Begin XCBuildConfiguration section */
		B2193DCA1CCF95360066DB98 /* Debug */ = {
			isa = XCBuildConfiguration;
			buildSettings = {
				ALWAYS_SEARCH_USER_PATHS = NO;
				CLANG_ANALYZER_NONNULL = YES;
				CLANG_CXX_LANGUAGE_STANDARD = "gnu++0x";
				CLANG_CXX_LIBRARY = "libc++";
				CLANG_ENABLE_MODULES = YES;
				CLANG_ENABLE_OBJC_ARC = YES;
				CLANG_WARN_BOOL_CONVERSION = YES;
				CLANG_WARN_CONSTANT_CONVERSION = YES;
				CLANG_WARN_DIRECT_OBJC_ISA_USAGE = YES_ERROR;
				CLANG_WARN_EMPTY_BODY = YES;
				CLANG_WARN_ENUM_CONVERSION = YES;
				CLANG_WARN_INT_CONVERSION = YES;
				CLANG_WARN_OBJC_ROOT_CLASS = YES_ERROR;
				CLANG_WARN_UNREACHABLE_CODE = YES;
				CLANG_WARN__DUPLICATE_METHOD_MATCH = YES;
				"CODE_SIGN_IDENTITY[sdk=iphoneos*]" = "iPhone Developer";
				COPY_PHASE_STRIP = NO;
				DEBUG_INFORMATION_FORMAT = dwarf;
				ENABLE_STRICT_OBJC_MSGSEND = YES;
				ENABLE_TESTABILITY = YES;
				GCC_C_LANGUAGE_STANDARD = gnu99;
				GCC_DYNAMIC_NO_PIC = NO;
				GCC_NO_COMMON_BLOCKS = YES;
				GCC_OPTIMIZATION_LEVEL = 0;
				GCC_PREPROCESSOR_DEFINITIONS = (
					"DEBUG=1",
					"$(inherited)",
				);
				GCC_WARN_64_TO_32_BIT_CONVERSION = YES;
				GCC_WARN_ABOUT_RETURN_TYPE = YES_ERROR;
				GCC_WARN_UNDECLARED_SELECTOR = YES;
				GCC_WARN_UNINITIALIZED_AUTOS = YES_AGGRESSIVE;
				GCC_WARN_UNUSED_FUNCTION = YES;
				GCC_WARN_UNUSED_VARIABLE = YES;
				IPHONEOS_DEPLOYMENT_TARGET = 9.3;
				MTL_ENABLE_DEBUG_INFO = YES;
				ONLY_ACTIVE_ARCH = YES;
				SDKROOT = iphoneos;
			};
			name = Debug;
		};
		B2193DCB1CCF95360066DB98 /* Release */ = {
			isa = XCBuildConfiguration;
			buildSettings = {
				ALWAYS_SEARCH_USER_PATHS = NO;
				CLANG_ANALYZER_NONNULL = YES;
				CLANG_CXX_LANGUAGE_STANDARD = "gnu++0x";
				CLANG_CXX_LIBRARY = "libc++";
				CLANG_ENABLE_MODULES = YES;
				CLANG_ENABLE_OBJC_ARC = YES;
				CLANG_WARN_BOOL_CONVERSION = YES;
				CLANG_WARN_CONSTANT_CONVERSION = YES;
				CLANG_WARN_DIRECT_OBJC_ISA_USAGE = YES_ERROR;
				CLANG_WARN_EMPTY_BODY = YES;
				CLANG_WARN_ENUM_CONVERSION = YES;
				CLANG_WARN_INT_CONVERSION = YES;
				CLANG_WARN_OBJC_ROOT_CLASS = YES_ERROR;
				CLANG_WARN_UNREACHABLE_CODE = YES;
				CLANG_WARN__DUPLICATE_METHOD_MATCH = YES;
				"CODE_SIGN_IDENTITY[sdk=iphoneos*]" = "iPhone Developer";
				COPY_PHASE_STRIP = NO;
				DEBUG_INFORMATION_FORMAT = "dwarf-with-dsym";
				ENABLE_NS_ASSERTIONS = NO;
				ENABLE_STRICT_OBJC_MSGSEND = YES;
				GCC_C_LANGUAGE_STANDARD = gnu99;
				GCC_NO_COMMON_BLOCKS = YES;
				GCC_WARN_64_TO_32_BIT_CONVERSION = YES;
				GCC_WARN_ABOUT_RETURN_TYPE = YES_ERROR;
				GCC_WARN_UNDECLARED_SELECTOR = YES;
				GCC_WARN_UNINITIALIZED_AUTOS = YES_AGGRESSIVE;
				GCC_WARN_UNUSED_FUNCTION = YES;
				GCC_WARN_UNUSED_VARIABLE = YES;
				IPHONEOS_DEPLOYMENT_TARGET = 9.3;
				MTL_ENABLE_DEBUG_INFO = NO;
				SDKROOT = iphoneos;
				VALIDATE_PRODUCT = YES;
			};
			name = Release;
		};
		B2193DCD1CCF95360066DB98 /* Debug */ = {
			isa = XCBuildConfiguration;
			buildSettings = {
				ASSETCATALOG_COMPILER_APPICON_NAME = AppIcon;
				INFOPLIST_FILE = PayUMoney/Info.plist;
				IPHONEOS_DEPLOYMENT_TARGET = 8.0;
				LD_RUNPATH_SEARCH_PATHS = "$(inherited) @executable_path/Frameworks";
				PRODUCT_BUNDLE_IDENTIFIER = com.payment.test.PayUMoney;
				PRODUCT_NAME = "$(TARGET_NAME)";
			};
			name = Debug;
		};
		B2193DCE1CCF95360066DB98 /* Release */ = {
			isa = XCBuildConfiguration;
			buildSettings = {
				ASSETCATALOG_COMPILER_APPICON_NAME = AppIcon;
				INFOPLIST_FILE = PayUMoney/Info.plist;
				IPHONEOS_DEPLOYMENT_TARGET = 8.0;
				LD_RUNPATH_SEARCH_PATHS = "$(inherited) @executable_path/Frameworks";
				PRODUCT_BUNDLE_IDENTIFIER = com.payment.test.PayUMoney;
				PRODUCT_NAME = "$(TARGET_NAME)";
			};
			name = Release;
		};
/* End XCBuildConfiguration section */

/* Begin XCConfigurationList section */
		B2193DB01CCF95360066DB98 /* Build configuration list for PBXProject "PayUMoney" */ = {
			isa = XCConfigurationList;
			buildConfigurations = (
				B2193DCA1CCF95360066DB98 /* Debug */,
				B2193DCB1CCF95360066DB98 /* Release */,
			);
			defaultConfigurationIsVisible = 0;
			defaultConfigurationName = Release;
		};
		B2193DCC1CCF95360066DB98 /* Build configuration list for PBXNativeTarget "PayUMoney" */ = {
			isa = XCConfigurationList;
			buildConfigurations = (
				B2193DCD1CCF95360066DB98 /* Debug */,
				B2193DCE1CCF95360066DB98 /* Release */,
			);
			defaultConfigurationIsVisible = 0;
			defaultConfigurationName = Release;
		};
/* End XCConfigurationList section */
	};
	rootObject = B2193DAD1CCF95360066DB98 /* Project object */;
}
